
Microsoft Visual Studio Solution File, Format Version 12.00
# Visual Studio Version 17
VisualStudioVersion = 17.13.35931.197
MinimumVisualStudioVersion = 10.0.40219.1
Project("{FAE04EC0-301F-11D3-BF4B-00C04F79EFBC}") = "UnitsConversionModule", "UnitsConversionModule.csproj", "{8F7ED8A5-A881-42C9-B4F7-2B69B50AF408}"
EndProject
Project("{FAE04EC0-301F-11D3-BF4B-00C04F79EFBC}") = "UnitConversionModule.Tests", "..\UnitConversionModule.Tests\UnitConversionModule.Tests.csproj", "{EC5220D8-EF16-459C-A05B-DF243734C73D}"
EndProject
Global
	GlobalSection(SolutionConfigurationPlatforms) = preSolution
		Debug|Any CPU = Debug|Any CPU
		Release|Any CPU = Release|Any CPU
	EndGlobalSection
	GlobalSection(ProjectConfigurationPlatforms) = postSolution
		{8F7ED8A5-A881-42C9-B4F7-2B69B50AF408}.Debug|Any CPU.ActiveCfg = Debug|Any CPU
		{8F7ED8A5-A881-42C9-B4F7-2B69B50AF408}.Debug|Any CPU.Build.0 = Debug|Any CPU
		{8F7ED8A5-A881-42C9-B4F7-2B69B50AF408}.Release|Any CPU.ActiveCfg = Release|Any CPU
		{8F7ED8A5-A881-42C9-B4F7-2B69B50AF408}.Release|Any CPU.Build.0 = Release|Any CPU
		{EC5220D8-EF16-459C-A05B-DF243734C73D}.Debug|Any CPU.ActiveCfg = Debug|Any CPU
		{EC5220D8-EF16-459C-A05B-DF243734C73D}.Debug|Any CPU.Build.0 = Debug|Any CPU
		{EC5220D8-EF16-459C-A05B-DF243734C73D}.Release|Any CPU.ActiveCfg = Release|Any CPU
		{EC5220D8-EF16-459C-A05B-DF243734C73D}.Release|Any CPU.Build.0 = Release|Any CPU
	EndGlobalSection
	GlobalSection(SolutionProperties) = preSolution
		HideSolutionNode = FALSE
	EndGlobalSection
	GlobalSection(ExtensibilityGlobals) = postSolution
		SolutionGuid = {76559DFF-BC37-4356-83D8-2C4AAA0BEFC3}
	EndGlobalSection
EndGlobal
